
Microsoft Visual Studio Solution File, Format Version 12.00
# Visual Studio 15
VisualStudioVersion = 15.0.26730.16
MinimumVisualStudioVersion = 10.0.40219.1
Project("{9A19103F-16F7-4668-BE54-9A1E7A4F7556}") = "WebApi", "WebApi\WebApi.csproj", "{5D14B168-FCDF-43DC-AC96-1FEC15D40431}"
EndProject
Project("{E53339B2-1760-4266-BCC7-CA923CBCF16C}") = "docker-compose", "docker-compose.dcproj", "{3B368A37-FF26-4E4C-9698-E4BB53CFDA30}"
EndProject
Project("{E24C65DC-7377-472B-9ABA-BC803B73C61A}") = "WebApp", "WebApp\", "{A23A47F6-A3B2-48EC-81F4-9EDE72194838}"
	ProjectSection(WebsiteProperties) = preProject
		TargetFrameworkMoniker = ".NETFramework,Version%3Dv4.0"
		Debug.AspNetCompiler.VirtualPath = "/localhost_3813"
		Debug.AspNetCompiler.PhysicalPath = "WebApp\"
		Debug.AspNetCompiler.TargetPath = "PrecompiledWeb\localhost_3813\"
		Debug.AspNetCompiler.Updateable = "true"
		Debug.AspNetCompiler.ForceOverwrite = "true"
		Debug.AspNetCompiler.FixedNames = "false"
		Debug.AspNetCompiler.Debug = "True"
		Release.AspNetCompiler.VirtualPath = "/localhost_3813"
		Release.AspNetCompiler.PhysicalPath = "WebApp\"
		Release.AspNetCompiler.TargetPath = "PrecompiledWeb\localhost_3813\"
		Release.AspNetCompiler.Updateable = "true"
		Release.AspNetCompiler.ForceOverwrite = "true"
		Release.AspNetCompiler.FixedNames = "false"
		Release.AspNetCompiler.Debug = "False"
		VWDPort = "3813"
		SlnRelativePath = "WebApp\"
	EndProjectSection
EndProject
Global
	GlobalSection(SolutionConfigurationPlatforms) = preSolution
		Debug|Any CPU = Debug|Any CPU
		Release|Any CPU = Release|Any CPU
	EndGlobalSection
	GlobalSection(ProjectConfigurationPlatforms) = postSolution
		{5D14B168-FCDF-43DC-AC96-1FEC15D40431}.Debug|Any CPU.ActiveCfg = Debug|Any CPU
		{5D14B168-FCDF-43DC-AC96-1FEC15D40431}.Debug|Any CPU.Build.0 = Debug|Any CPU
		{5D14B168-FCDF-43DC-AC96-1FEC15D40431}.Release|Any CPU.ActiveCfg = Release|Any CPU
		{5D14B168-FCDF-43DC-AC96-1FEC15D40431}.Release|Any CPU.Build.0 = Release|Any CPU
		{3B368A37-FF26-4E4C-9698-E4BB53CFDA30}.Debug|Any CPU.ActiveCfg = Debug|Any CPU
		{3B368A37-FF26-4E4C-9698-E4BB53CFDA30}.Debug|Any CPU.Build.0 = Debug|Any CPU
		{3B368A37-FF26-4E4C-9698-E4BB53CFDA30}.Release|Any CPU.ActiveCfg = Release|Any CPU
		{3B368A37-FF26-4E4C-9698-E4BB53CFDA30}.Release|Any CPU.Build.0 = Release|Any CPU
		{A23A47F6-A3B2-48EC-81F4-9EDE72194838}.Debug|Any CPU.ActiveCfg = Debug|Any CPU
		{A23A47F6-A3B2-48EC-81F4-9EDE72194838}.Debug|Any CPU.Build.0 = Debug|Any CPU
		{A23A47F6-A3B2-48EC-81F4-9EDE72194838}.Release|Any CPU.ActiveCfg = Debug|Any CPU
		{A23A47F6-A3B2-48EC-81F4-9EDE72194838}.Release|Any CPU.Build.0 = Debug|Any CPU
	EndGlobalSection
	GlobalSection(SolutionProperties) = preSolution
		HideSolutionNode = FALSE
	EndGlobalSection
	GlobalSection(ExtensibilityGlobals) = postSolution
		SolutionGuid = {8A23431E-A57F-439F-A113-E5DD29623FB2}
	EndGlobalSection
EndGlobal
